
Microsoft Visual Studio Solution File, Format Version 12.00
# Visual Studio Version 16
VisualStudioVersion = 16.0.31515.178
MinimumVisualStudioVersion = 10.0.40219.1
Project("{FAE04EC0-301F-11D3-BF4B-00C04F79EFBC}") = "Doodler", "Doodler\Doodler.csproj", "{416D4E84-D468-4020-9380-8F2B15D29735}"
EndProject
Global
	GlobalSection(SolutionConfigurationPlatforms) = preSolution
		Debug|Any CPU = Debug|Any CPU
		Release|Any CPU = Release|Any CPU
	EndGlobalSection
	GlobalSection(ProjectConfigurationPlatforms) = postSolution
		{416D4E84-D468-4020-9380-8F2B15D29735}.Debug|Any CPU.ActiveCfg = Debug|Any CPU
		{416D4E84-D468-4020-9380-8F2B15D29735}.Debug|Any CPU.Build.0 = Debug|Any CPU
		{416D4E84-D468-4020-9380-8F2B15D29735}.Release|Any CPU.ActiveCfg = Release|Any CPU
		{416D4E84-D468-4020-9380-8F2B15D29735}.Release|Any CPU.Build.0 = Release|Any CPU
	EndGlobalSection
	GlobalSection(SolutionProperties) = preSolution
		HideSolutionNode = FALSE
	EndGlobalSection
	GlobalSection(ExtensibilityGlobals) = postSolution
		SolutionGuid = {A1381DB1-2B26-48CA-9514-EF3B2A681524}
	EndGlobalSection
EndGlobal
